
Microsoft Visual Studio Solution File, Format Version 12.00
# Visual Studio 15
VisualStudioVersion = 15.0.28010.2003
MinimumVisualStudioVersion = 10.0.40219.1
Project("{FAE04EC0-301F-11D3-BF4B-00C04F79EFBC}") = "SignalRTaskList.Web", "SignalRTaskList.Web\SignalRTaskList.Web.csproj", "{D8666FFC-9DCB-4E8C-8921-5B15E00C8D15}"
EndProject
Project("{FAE04EC0-301F-11D3-BF4B-00C04F79EFBC}") = "SignalRTaskList.Data", "SignalRTaskList.Data\SignalRTaskList.Data.csproj", "{C20AC525-3214-41B9-96E6-141EB593D832}"
EndProject
Global
	GlobalSection(SolutionConfigurationPlatforms) = preSolution
		Debug|Any CPU = Debug|Any CPU
		Release|Any CPU = Release|Any CPU
	EndGlobalSection
	GlobalSection(ProjectConfigurationPlatforms) = postSolution
		{D8666FFC-9DCB-4E8C-8921-5B15E00C8D15}.Debug|Any CPU.ActiveCfg = Debug|Any CPU
		{D8666FFC-9DCB-4E8C-8921-5B15E00C8D15}.Debug|Any CPU.Build.0 = Debug|Any CPU
		{D8666FFC-9DCB-4E8C-8921-5B15E00C8D15}.Release|Any CPU.ActiveCfg = Release|Any CPU
		{D8666FFC-9DCB-4E8C-8921-5B15E00C8D15}.Release|Any CPU.Build.0 = Release|Any CPU
		{C20AC525-3214-41B9-96E6-141EB593D832}.Debug|Any CPU.ActiveCfg = Debug|Any CPU
		{C20AC525-3214-41B9-96E6-141EB593D832}.Debug|Any CPU.Build.0 = Debug|Any CPU
		{C20AC525-3214-41B9-96E6-141EB593D832}.Release|Any CPU.ActiveCfg = Release|Any CPU
		{C20AC525-3214-41B9-96E6-141EB593D832}.Release|Any CPU.Build.0 = Release|Any CPU
	EndGlobalSection
	GlobalSection(SolutionProperties) = preSolution
		HideSolutionNode = FALSE
	EndGlobalSection
	GlobalSection(ExtensibilityGlobals) = postSolution
		SolutionGuid = {88F62F57-25DA-4DCC-B9F6-45A4C574DC5C}
	EndGlobalSection
EndGlobal
